
Microsoft Visual Studio Solution File, Format Version 12.00
# Visual Studio 2015
Project("{FAE04EC0-301F-11D3-BF4B-00C04F79EFBC}") = "VR_Novel_K3C.CSharp", "VR_Novel_K3C.CSharp.csproj", "{21C9A648-AB9F-71FF-FD13-BB368BDAA8AE}"
EndProject
Project("{FAE04EC0-301F-11D3-BF4B-00C04F79EFBC}") = "VR_Novel_K3C.CSharp.Editor", "VR_Novel_K3C.CSharp.Editor.csproj", "{FEBF416E-4493-9719-E77D-8597001BAFF6}"
EndProject
Global
	GlobalSection(SolutionConfigurationPlatforms) = preSolution
		Debug|Any CPU = Debug|Any CPU
		Release|Any CPU = Release|Any CPU
	EndGlobalSection
	GlobalSection(ProjectConfigurationPlatforms) = postSolution
		{21C9A648-AB9F-71FF-FD13-BB368BDAA8AE}.Debug|Any CPU.ActiveCfg = Debug|Any CPU
		{21C9A648-AB9F-71FF-FD13-BB368BDAA8AE}.Debug|Any CPU.Build.0 = Debug|Any CPU
		{21C9A648-AB9F-71FF-FD13-BB368BDAA8AE}.Release|Any CPU.ActiveCfg = Release|Any CPU
		{21C9A648-AB9F-71FF-FD13-BB368BDAA8AE}.Release|Any CPU.Build.0 = Release|Any CPU
		{FEBF416E-4493-9719-E77D-8597001BAFF6}.Debug|Any CPU.ActiveCfg = Debug|Any CPU
		{FEBF416E-4493-9719-E77D-8597001BAFF6}.Debug|Any CPU.Build.0 = Debug|Any CPU
		{FEBF416E-4493-9719-E77D-8597001BAFF6}.Release|Any CPU.ActiveCfg = Release|Any CPU
		{FEBF416E-4493-9719-E77D-8597001BAFF6}.Release|Any CPU.Build.0 = Release|Any CPU
	EndGlobalSection
	GlobalSection(SolutionProperties) = preSolution
		HideSolutionNode = FALSE
	EndGlobalSection
EndGlobal
