
Microsoft Visual Studio Solution File, Format Version 12.00
# Visual Studio 2015
Project("{FAE04EC0-301F-11D3-BF4B-00C04F79EFBC}") = "VR_Novel_K43.CSharp", "VR_Novel_K43.CSharp.csproj", "{3A4CC82F-1CA2-F438-2334-4A205ED34150}"
EndProject
Project("{FAE04EC0-301F-11D3-BF4B-00C04F79EFBC}") = "VR_Novel_K43.CSharp.Editor", "VR_Novel_K43.CSharp.Editor.csproj", "{B74A418A-191C-13C4-1DE4-6E00331C600B}"
EndProject
Global
	GlobalSection(SolutionConfigurationPlatforms) = preSolution
		Debug|Any CPU = Debug|Any CPU
		Release|Any CPU = Release|Any CPU
	EndGlobalSection
	GlobalSection(ProjectConfigurationPlatforms) = postSolution
		{3A4CC82F-1CA2-F438-2334-4A205ED34150}.Debug|Any CPU.ActiveCfg = Debug|Any CPU
		{3A4CC82F-1CA2-F438-2334-4A205ED34150}.Debug|Any CPU.Build.0 = Debug|Any CPU
		{3A4CC82F-1CA2-F438-2334-4A205ED34150}.Release|Any CPU.ActiveCfg = Release|Any CPU
		{3A4CC82F-1CA2-F438-2334-4A205ED34150}.Release|Any CPU.Build.0 = Release|Any CPU
		{B74A418A-191C-13C4-1DE4-6E00331C600B}.Debug|Any CPU.ActiveCfg = Debug|Any CPU
		{B74A418A-191C-13C4-1DE4-6E00331C600B}.Debug|Any CPU.Build.0 = Debug|Any CPU
		{B74A418A-191C-13C4-1DE4-6E00331C600B}.Release|Any CPU.ActiveCfg = Release|Any CPU
		{B74A418A-191C-13C4-1DE4-6E00331C600B}.Release|Any CPU.Build.0 = Release|Any CPU
	EndGlobalSection
	GlobalSection(SolutionProperties) = preSolution
		HideSolutionNode = FALSE
	EndGlobalSection
EndGlobal
